
Microsoft Visual Studio Solution File, Format Version 12.00
# Visual Studio Version 17
VisualStudioVersion = 17.0.31903.59
MinimumVisualStudioVersion = 10.0.40219.1
Project("{2150E333-8FDC-42A3-9474-1A3956D46DE8}") = "src", "src", "{827E0CD3-B72D-47B6-A68D-7590B98EB39B}"
EndProject
Project("{FAE04EC0-301F-11D3-BF4B-00C04F79EFBC}") = "FCG.Payments.Application", "src\FCG.Payments.Application\FCG.Payments.Application.csproj", "{F6344463-5044-4313-B620-AEFD32AEBB96}"
EndProject
Project("{FAE04EC0-301F-11D3-BF4B-00C04F79EFBC}") = "FCG.Payments.Domain", "src\FCG.Payments.Domain\FCG.Payments.Domain.csproj", "{14723A95-2B93-467F-A8FB-6B66C41CAB75}"
EndProject
Project("{FAE04EC0-301F-11D3-BF4B-00C04F79EFBC}") = "FCG.Payments.Infra", "src\FCG.Payments.Infra\FCG.Payments.Infra.csproj", "{4362E810-7392-44F5-B441-32DB9D47EC7A}"
	ProjectSection(ProjectDependencies) = postProject
		{F6344463-5044-4313-B620-AEFD32AEBB96} = {F6344463-5044-4313-B620-AEFD32AEBB96}
	EndProjectSection
EndProject
Project("{2150E333-8FDC-42A3-9474-1A3956D46DE8}") = "tests", "tests", "{0AB3BF05-4346-4AA6-1389-037BE0695223}"
EndProject
Project("{FAE04EC0-301F-11D3-BF4B-00C04F79EFBC}") = "FCG.Payments.Tests", "tests\FCG.Payments.Tests\FCG.Payments.Tests.csproj", "{BA91FF6F-BEEE-4DE8-9F4F-6A7C42139C7F}"
EndProject
Project("{FAE04EC0-301F-11D3-BF4B-00C04F79EFBC}") = "FCG.Payments.Core", "src\FCG.Payments.Core\FCG.Payments.Core.csproj", "{8E5C0FE2-60E8-499F-80B4-8F805DB55F65}"
EndProject
Project("{FAE04EC0-301F-11D3-BF4B-00C04F79EFBC}") = "FCG.Payments.Api", "src\FCG.Payments.Api\FCG.Payments.Api.csproj", "{08D17B80-AEB4-4973-B2E4-01A3B0B8BCF8}"
	ProjectSection(ProjectDependencies) = postProject
		{4362E810-7392-44F5-B441-32DB9D47EC7A} = {4362E810-7392-44F5-B441-32DB9D47EC7A}
		{8E5C0FE2-60E8-499F-80B4-8F805DB55F65} = {8E5C0FE2-60E8-499F-80B4-8F805DB55F65}
		{F6344463-5044-4313-B620-AEFD32AEBB96} = {F6344463-5044-4313-B620-AEFD32AEBB96}
	EndProjectSection
EndProject
Project("{2150E333-8FDC-42A3-9474-1A3956D46DE8}") = "libs", "libs", "{6C4D298B-81FB-2B6B-5AB6-46205EDDC72C}"
EndProject
Project("{FAE04EC0-301F-11D3-BF4B-00C04F79EFBC}") = "FCG.Contracts", "libs\FCG.Contracts\FCG.Contracts.csproj", "{41E3540E-D7D9-47C8-8B56-12A5D218EEBC}"
EndProject
Global
	GlobalSection(SolutionConfigurationPlatforms) = preSolution
		Debug|Any CPU = Debug|Any CPU
		Debug|x64 = Debug|x64
		Debug|x86 = Debug|x86
		Release|Any CPU = Release|Any CPU
		Release|x64 = Release|x64
		Release|x86 = Release|x86
	EndGlobalSection
	GlobalSection(ProjectConfigurationPlatforms) = postSolution
		{F6344463-5044-4313-B620-AEFD32AEBB96}.Debug|Any CPU.ActiveCfg = Debug|Any CPU
		{F6344463-5044-4313-B620-AEFD32AEBB96}.Debug|Any CPU.Build.0 = Debug|Any CPU
		{F6344463-5044-4313-B620-AEFD32AEBB96}.Debug|x64.ActiveCfg = Debug|Any CPU
		{F6344463-5044-4313-B620-AEFD32AEBB96}.Debug|x64.Build.0 = Debug|Any CPU
		{F6344463-5044-4313-B620-AEFD32AEBB96}.Debug|x86.ActiveCfg = Debug|Any CPU
		{F6344463-5044-4313-B620-AEFD32AEBB96}.Debug|x86.Build.0 = Debug|Any CPU
		{F6344463-5044-4313-B620-AEFD32AEBB96}.Release|Any CPU.ActiveCfg = Release|Any CPU
		{F6344463-5044-4313-B620-AEFD32AEBB96}.Release|Any CPU.Build.0 = Release|Any CPU
		{F6344463-5044-4313-B620-AEFD32AEBB96}.Release|x64.ActiveCfg = Release|Any CPU
		{F6344463-5044-4313-B620-AEFD32AEBB96}.Release|x64.Build.0 = Release|Any CPU
		{F6344463-5044-4313-B620-AEFD32AEBB96}.Release|x86.ActiveCfg = Release|Any CPU
		{F6344463-5044-4313-B620-AEFD32AEBB96}.Release|x86.Build.0 = Release|Any CPU
		{14723A95-2B93-467F-A8FB-6B66C41CAB75}.Debug|Any CPU.ActiveCfg = Debug|Any CPU
		{14723A95-2B93-467F-A8FB-6B66C41CAB75}.Debug|Any CPU.Build.0 = Debug|Any CPU
		{14723A95-2B93-467F-A8FB-6B66C41CAB75}.Debug|x64.ActiveCfg = Debug|Any CPU
		{14723A95-2B93-467F-A8FB-6B66C41CAB75}.Debug|x64.Build.0 = Debug|Any CPU
		{14723A95-2B93-467F-A8FB-6B66C41CAB75}.Debug|x86.ActiveCfg = Debug|Any CPU
		{14723A95-2B93-467F-A8FB-6B66C41CAB75}.Debug|x86.Build.0 = Debug|Any CPU
		{14723A95-2B93-467F-A8FB-6B66C41CAB75}.Release|Any CPU.ActiveCfg = Release|Any CPU
		{14723A95-2B93-467F-A8FB-6B66C41CAB75}.Release|Any CPU.Build.0 = Release|Any CPU
		{14723A95-2B93-467F-A8FB-6B66C41CAB75}.Release|x64.ActiveCfg = Release|Any CPU
		{14723A95-2B93-467F-A8FB-6B66C41CAB75}.Release|x64.Build.0 = Release|Any CPU
		{14723A95-2B93-467F-A8FB-6B66C41CAB75}.Release|x86.ActiveCfg = Release|Any CPU
		{14723A95-2B93-467F-A8FB-6B66C41CAB75}.Release|x86.Build.0 = Release|Any CPU
		{4362E810-7392-44F5-B441-32DB9D47EC7A}.Debug|Any CPU.ActiveCfg = Debug|Any CPU
		{4362E810-7392-44F5-B441-32DB9D47EC7A}.Debug|Any CPU.Build.0 = Debug|Any CPU
		{4362E810-7392-44F5-B441-32DB9D47EC7A}.Debug|x64.ActiveCfg = Debug|Any CPU
		{4362E810-7392-44F5-B441-32DB9D47EC7A}.Debug|x64.Build.0 = Debug|Any CPU
		{4362E810-7392-44F5-B441-32DB9D47EC7A}.Debug|x86.ActiveCfg = Debug|Any CPU
		{4362E810-7392-44F5-B441-32DB9D47EC7A}.Debug|x86.Build.0 = Debug|Any CPU
		{4362E810-7392-44F5-B441-32DB9D47EC7A}.Release|Any CPU.ActiveCfg = Release|Any CPU
		{4362E810-7392-44F5-B441-32DB9D47EC7A}.Release|Any CPU.Build.0 = Release|Any CPU
		{4362E810-7392-44F5-B441-32DB9D47EC7A}.Release|x64.ActiveCfg = Release|Any CPU
		{4362E810-7392-44F5-B441-32DB9D47EC7A}.Release|x64.Build.0 = Release|Any CPU
		{4362E810-7392-44F5-B441-32DB9D47EC7A}.Release|x86.ActiveCfg = Release|Any CPU
		{4362E810-7392-44F5-B441-32DB9D47EC7A}.Release|x86.Build.0 = Release|Any CPU
		{BA91FF6F-BEEE-4DE8-9F4F-6A7C42139C7F}.Debug|Any CPU.ActiveCfg = Debug|Any CPU
		{BA91FF6F-BEEE-4DE8-9F4F-6A7C42139C7F}.Debug|Any CPU.Build.0 = Debug|Any CPU
		{BA91FF6F-BEEE-4DE8-9F4F-6A7C42139C7F}.Debug|x64.ActiveCfg = Debug|Any CPU
		{BA91FF6F-BEEE-4DE8-9F4F-6A7C42139C7F}.Debug|x64.Build.0 = Debug|Any CPU
		{BA91FF6F-BEEE-4DE8-9F4F-6A7C42139C7F}.Debug|x86.ActiveCfg = Debug|Any CPU
		{BA91FF6F-BEEE-4DE8-9F4F-6A7C42139C7F}.Debug|x86.Build.0 = Debug|Any CPU
		{BA91FF6F-BEEE-4DE8-9F4F-6A7C42139C7F}.Release|Any CPU.ActiveCfg = Release|Any CPU
		{BA91FF6F-BEEE-4DE8-9F4F-6A7C42139C7F}.Release|Any CPU.Build.0 = Release|Any CPU
		{BA91FF6F-BEEE-4DE8-9F4F-6A7C42139C7F}.Release|x64.ActiveCfg = Release|Any CPU
		{BA91FF6F-BEEE-4DE8-9F4F-6A7C42139C7F}.Release|x64.Build.0 = Release|Any CPU
		{BA91FF6F-BEEE-4DE8-9F4F-6A7C42139C7F}.Release|x86.ActiveCfg = Release|Any CPU
		{BA91FF6F-BEEE-4DE8-9F4F-6A7C42139C7F}.Release|x86.Build.0 = Release|Any CPU
		{8E5C0FE2-60E8-499F-80B4-8F805DB55F65}.Debug|Any CPU.ActiveCfg = Debug|Any CPU
		{8E5C0FE2-60E8-499F-80B4-8F805DB55F65}.Debug|Any CPU.Build.0 = Debug|Any CPU
		{8E5C0FE2-60E8-499F-80B4-8F805DB55F65}.Debug|x64.ActiveCfg = Debug|Any CPU
		{8E5C0FE2-60E8-499F-80B4-8F805DB55F65}.Debug|x64.Build.0 = Debug|Any CPU
		{8E5C0FE2-60E8-499F-80B4-8F805DB55F65}.Debug|x86.ActiveCfg = Debug|Any CPU
		{8E5C0FE2-60E8-499F-80B4-8F805DB55F65}.Debug|x86.Build.0 = Debug|Any CPU
		{8E5C0FE2-60E8-499F-80B4-8F805DB55F65}.Release|Any CPU.ActiveCfg = Release|Any CPU
		{8E5C0FE2-60E8-499F-80B4-8F805DB55F65}.Release|Any CPU.Build.0 = Release|Any CPU
		{8E5C0FE2-60E8-499F-80B4-8F805DB55F65}.Release|x64.ActiveCfg = Release|Any CPU
		{8E5C0FE2-60E8-499F-80B4-8F805DB55F65}.Release|x64.Build.0 = Release|Any CPU
		{8E5C0FE2-60E8-499F-80B4-8F805DB55F65}.Release|x86.ActiveCfg = Release|Any CPU
		{8E5C0FE2-60E8-499F-80B4-8F805DB55F65}.Release|x86.Build.0 = Release|Any CPU
		{08D17B80-AEB4-4973-B2E4-01A3B0B8BCF8}.Debug|Any CPU.ActiveCfg = Debug|Any CPU
		{08D17B80-AEB4-4973-B2E4-01A3B0B8BCF8}.Debug|Any CPU.Build.0 = Debug|Any CPU
		{08D17B80-AEB4-4973-B2E4-01A3B0B8BCF8}.Debug|x64.ActiveCfg = Debug|Any CPU
		{08D17B80-AEB4-4973-B2E4-01A3B0B8BCF8}.Debug|x64.Build.0 = Debug|Any CPU
		{08D17B80-AEB4-4973-B2E4-01A3B0B8BCF8}.Debug|x86.ActiveCfg = Debug|Any CPU
		{08D17B80-AEB4-4973-B2E4-01A3B0B8BCF8}.Debug|x86.Build.0 = Debug|Any CPU
		{08D17B80-AEB4-4973-B2E4-01A3B0B8BCF8}.Release|Any CPU.ActiveCfg = Release|Any CPU
		{08D17B80-AEB4-4973-B2E4-01A3B0B8BCF8}.Release|Any CPU.Build.0 = Release|Any CPU
		{08D17B80-AEB4-4973-B2E4-01A3B0B8BCF8}.Release|x64.ActiveCfg = Release|Any CPU
		{08D17B80-AEB4-4973-B2E4-01A3B0B8BCF8}.Release|x64.Build.0 = Release|Any CPU
		{08D17B80-AEB4-4973-B2E4-01A3B0B8BCF8}.Release|x86.ActiveCfg = Release|Any CPU
		{08D17B80-AEB4-4973-B2E4-01A3B0B8BCF8}.Release|x86.Build.0 = Release|Any CPU
		{41E3540E-D7D9-47C8-8B56-12A5D218EEBC}.Debug|Any CPU.ActiveCfg = Debug|Any CPU
		{41E3540E-D7D9-47C8-8B56-12A5D218EEBC}.Debug|Any CPU.Build.0 = Debug|Any CPU
		{41E3540E-D7D9-47C8-8B56-12A5D218EEBC}.Debug|x64.ActiveCfg = Debug|Any CPU
		{41E3540E-D7D9-47C8-8B56-12A5D218EEBC}.Debug|x64.Build.0 = Debug|Any CPU
		{41E3540E-D7D9-47C8-8B56-12A5D218EEBC}.Debug|x86.ActiveCfg = Debug|Any CPU
		{41E3540E-D7D9-47C8-8B56-12A5D218EEBC}.Debug|x86.Build.0 = Debug|Any CPU
		{41E3540E-D7D9-47C8-8B56-12A5D218EEBC}.Release|Any CPU.ActiveCfg = Release|Any CPU
		{41E3540E-D7D9-47C8-8B56-12A5D218EEBC}.Release|Any CPU.Build.0 = Release|Any CPU
		{41E3540E-D7D9-47C8-8B56-12A5D218EEBC}.Release|x64.ActiveCfg = Release|Any CPU
		{41E3540E-D7D9-47C8-8B56-12A5D218EEBC}.Release|x64.Build.0 = Release|Any CPU
		{41E3540E-D7D9-47C8-8B56-12A5D218EEBC}.Release|x86.ActiveCfg = Release|Any CPU
		{41E3540E-D7D9-47C8-8B56-12A5D218EEBC}.Release|x86.Build.0 = Release|Any CPU
	EndGlobalSection
	GlobalSection(SolutionProperties) = preSolution
		HideSolutionNode = FALSE
	EndGlobalSection
	GlobalSection(NestedProjects) = preSolution
		{F6344463-5044-4313-B620-AEFD32AEBB96} = {827E0CD3-B72D-47B6-A68D-7590B98EB39B}
		{14723A95-2B93-467F-A8FB-6B66C41CAB75} = {827E0CD3-B72D-47B6-A68D-7590B98EB39B}
		{4362E810-7392-44F5-B441-32DB9D47EC7A} = {827E0CD3-B72D-47B6-A68D-7590B98EB39B}
		{BA91FF6F-BEEE-4DE8-9F4F-6A7C42139C7F} = {0AB3BF05-4346-4AA6-1389-037BE0695223}
		{8E5C0FE2-60E8-499F-80B4-8F805DB55F65} = {827E0CD3-B72D-47B6-A68D-7590B98EB39B}
		{08D17B80-AEB4-4973-B2E4-01A3B0B8BCF8} = {827E0CD3-B72D-47B6-A68D-7590B98EB39B}
		{41E3540E-D7D9-47C8-8B56-12A5D218EEBC} = {6C4D298B-81FB-2B6B-5AB6-46205EDDC72C}
	EndGlobalSection
	GlobalSection(ExtensibilityGlobals) = postSolution
		SolutionGuid = {26B1CCEA-2F57-4FF4-BC16-EE7D0EE19305}
	EndGlobalSection
EndGlobal
